
Microsoft Visual Studio Solution File, Format Version 12.00
# Visual Studio 14
VisualStudioVersion = 14.0.25420.1
MinimumVisualStudioVersion = 10.0.40219.1
Project("{F184B08F-C81C-45F6-A57F-5ABD9991F28F}") = "Demo", "Demo\Demo.vbproj", "{DB871A1B-961C-4A28-811B-6FB8DF566692}"
EndProject
Project("{F184B08F-C81C-45F6-A57F-5ABD9991F28F}") = "ExampleSettings", "ExampleSettings\ExampleSettings.vbproj", "{DF06A7A6-2389-4340-BCA6-17BE0D3250D8}"
EndProject
Project("{FAE04EC0-301F-11D3-BF4B-00C04F79EFBC}") = "DemoCS", "DemoCS\DemoCS.csproj", "{AD6D0FA8-732F-44B0-A3EF-0573BD0220C2}"
EndProject
Project("{F184B08F-C81C-45F6-A57F-5ABD9991F28F}") = "Z80NavBarControl", "Z80NavBarControl\Z80NavBarControl.vbproj", "{D893BDAB-6276-4BC6-892F-D1193FBA8F3C}"
EndProject
Project("{FAE04EC0-301F-11D3-BF4B-00C04F79EFBC}") = "DemoControlCS", "DemoControlCS\DemoControlCS.csproj", "{0AD27EAB-F5AE-40D8-A6D7-C3E6C55519E7}"
EndProject
Global
	GlobalSection(SolutionConfigurationPlatforms) = preSolution
		Debug|Any CPU = Debug|Any CPU
		Release|Any CPU = Release|Any CPU
	EndGlobalSection
	GlobalSection(ProjectConfigurationPlatforms) = postSolution
		{DB871A1B-961C-4A28-811B-6FB8DF566692}.Debug|Any CPU.ActiveCfg = Debug|Any CPU
		{DB871A1B-961C-4A28-811B-6FB8DF566692}.Debug|Any CPU.Build.0 = Debug|Any CPU
		{DB871A1B-961C-4A28-811B-6FB8DF566692}.Release|Any CPU.ActiveCfg = Release|Any CPU
		{DB871A1B-961C-4A28-811B-6FB8DF566692}.Release|Any CPU.Build.0 = Release|Any CPU
		{DF06A7A6-2389-4340-BCA6-17BE0D3250D8}.Debug|Any CPU.ActiveCfg = Debug|Any CPU
		{DF06A7A6-2389-4340-BCA6-17BE0D3250D8}.Debug|Any CPU.Build.0 = Debug|Any CPU
		{DF06A7A6-2389-4340-BCA6-17BE0D3250D8}.Release|Any CPU.ActiveCfg = Release|Any CPU
		{DF06A7A6-2389-4340-BCA6-17BE0D3250D8}.Release|Any CPU.Build.0 = Release|Any CPU
		{AD6D0FA8-732F-44B0-A3EF-0573BD0220C2}.Debug|Any CPU.ActiveCfg = Debug|Any CPU
		{AD6D0FA8-732F-44B0-A3EF-0573BD0220C2}.Debug|Any CPU.Build.0 = Debug|Any CPU
		{AD6D0FA8-732F-44B0-A3EF-0573BD0220C2}.Release|Any CPU.ActiveCfg = Release|Any CPU
		{AD6D0FA8-732F-44B0-A3EF-0573BD0220C2}.Release|Any CPU.Build.0 = Release|Any CPU
		{D893BDAB-6276-4BC6-892F-D1193FBA8F3C}.Debug|Any CPU.ActiveCfg = Debug|Any CPU
		{D893BDAB-6276-4BC6-892F-D1193FBA8F3C}.Debug|Any CPU.Build.0 = Debug|Any CPU
		{D893BDAB-6276-4BC6-892F-D1193FBA8F3C}.Release|Any CPU.ActiveCfg = Release|Any CPU
		{D893BDAB-6276-4BC6-892F-D1193FBA8F3C}.Release|Any CPU.Build.0 = Release|Any CPU
		{0AD27EAB-F5AE-40D8-A6D7-C3E6C55519E7}.Debug|Any CPU.ActiveCfg = Debug|Any CPU
		{0AD27EAB-F5AE-40D8-A6D7-C3E6C55519E7}.Debug|Any CPU.Build.0 = Debug|Any CPU
		{0AD27EAB-F5AE-40D8-A6D7-C3E6C55519E7}.Release|Any CPU.ActiveCfg = Release|Any CPU
		{0AD27EAB-F5AE-40D8-A6D7-C3E6C55519E7}.Release|Any CPU.Build.0 = Release|Any CPU
	EndGlobalSection
	GlobalSection(SolutionProperties) = preSolution
		HideSolutionNode = FALSE
	EndGlobalSection
EndGlobal
